
Microsoft Visual Studio Solution File, Format Version 12.00
# Visual Studio Version 17
VisualStudioVersion = 17.5.002.0
MinimumVisualStudioVersion = 10.0.40219.1
Project("{9A19103F-16F7-4668-BE54-9A1E7A4F7556}") = "bookapi-minimal", "bookapi-minimal.csproj", "{8A691CD3-5D1B-4107-81F1-B24C16117D53}"
EndProject
Global
	GlobalSection(SolutionConfigurationPlatforms) = preSolution
		Debug|Any CPU = Debug|Any CPU
		Release|Any CPU = Release|Any CPU
	EndGlobalSection
	GlobalSection(ProjectConfigurationPlatforms) = postSolution
		{8A691CD3-5D1B-4107-81F1-B24C16117D53}.Debug|Any CPU.ActiveCfg = Debug|Any CPU
		{8A691CD3-5D1B-4107-81F1-B24C16117D53}.Debug|Any CPU.Build.0 = Debug|Any CPU
		{8A691CD3-5D1B-4107-81F1-B24C16117D53}.Release|Any CPU.ActiveCfg = Release|Any CPU
		{8A691CD3-5D1B-4107-81F1-B24C16117D53}.Release|Any CPU.Build.0 = Release|Any CPU
	EndGlobalSection
	GlobalSection(SolutionProperties) = preSolution
		HideSolutionNode = FALSE
	EndGlobalSection
	GlobalSection(ExtensibilityGlobals) = postSolution
		SolutionGuid = {F2D6331E-42A8-400F-A486-2806621FBD2A}
	EndGlobalSection
EndGlobal
